{
  "object": {
    "pins": [
      {
        "package": "Alamofire",
        "repositoryURL": "https://github.com/Alamofire/Alamofire",
        "state": {
          "branch": null,
          "revision": "747c8db8d57b68d5e35275f10c92d55f982adbd4",
          "version": "4.9.1"
        }
      },
      {
        "package": "BetterSheet",
        "repositoryURL": "https://github.com/egeniq/BetterSheet",
        "state": {
          "branch": null,
          "revision": "3755b61311812e6751029f1bff47640f3779adc7",
          "version": "1.0.0"
        }
      },
      {
        "package": "Marshal",
        "repositoryURL": "https://github.com/utahiosmac/Marshal",
        "state": {
          "branch": null,
          "revision": "bbd811be9b78352e74970d1c2c652e87c83ce51b",
          "version": "1.2.8"
        }
      }
    ]
  },
  "version": 1
}
